
Microsoft Visual Studio Solution File, Format Version 12.00
# Visual Studio Version 16
VisualStudioVersion = 16.0.30907.101
MinimumVisualStudioVersion = 10.0.40219.1
Project("{FAE04EC0-301F-11D3-BF4B-00C04F79EFBC}") = "SmartControl.Android", "SmartControl\SmartControl.Android\SmartControl.Android.csproj", "{6FFDD604-9C95-4AB5-9861-32622012A9A9}"
EndProject
Project("{FAE04EC0-301F-11D3-BF4B-00C04F79EFBC}") = "SmartControl.iOS", "SmartControl\SmartControl.iOS\SmartControl.iOS.csproj", "{9EE3125A-C353-4C19-B10B-34D99E7E25C6}"
EndProject
Project("{FAE04EC0-301F-11D3-BF4B-00C04F79EFBC}") = "SmartControl", "SmartControl\SmartControl\SmartControl.csproj", "{EE35075A-EE7B-4C06-971C-179F1A13D86D}"
EndProject
Global
	GlobalSection(SolutionConfigurationPlatforms) = preSolution
		Debug|Any CPU = Debug|Any CPU
		Debug|iPhone = Debug|iPhone
		Debug|iPhoneSimulator = Debug|iPhoneSimulator
		Release|Any CPU = Release|Any CPU
		Release|iPhone = Release|iPhone
		Release|iPhoneSimulator = Release|iPhoneSimulator
	EndGlobalSection
	GlobalSection(ProjectConfigurationPlatforms) = postSolution
		{6FFDD604-9C95-4AB5-9861-32622012A9A9}.Debug|Any CPU.ActiveCfg = Debug|Any CPU
		{6FFDD604-9C95-4AB5-9861-32622012A9A9}.Debug|Any CPU.Build.0 = Debug|Any CPU
		{6FFDD604-9C95-4AB5-9861-32622012A9A9}.Debug|Any CPU.Deploy.0 = Debug|Any CPU
		{6FFDD604-9C95-4AB5-9861-32622012A9A9}.Debug|iPhone.ActiveCfg = Debug|Any CPU
		{6FFDD604-9C95-4AB5-9861-32622012A9A9}.Debug|iPhone.Build.0 = Debug|Any CPU
		{6FFDD604-9C95-4AB5-9861-32622012A9A9}.Debug|iPhone.Deploy.0 = Debug|Any CPU
		{6FFDD604-9C95-4AB5-9861-32622012A9A9}.Debug|iPhoneSimulator.ActiveCfg = Debug|Any CPU
		{6FFDD604-9C95-4AB5-9861-32622012A9A9}.Debug|iPhoneSimulator.Build.0 = Debug|Any CPU
		{6FFDD604-9C95-4AB5-9861-32622012A9A9}.Debug|iPhoneSimulator.Deploy.0 = Debug|Any CPU
		{6FFDD604-9C95-4AB5-9861-32622012A9A9}.Release|Any CPU.ActiveCfg = Release|Any CPU
		{6FFDD604-9C95-4AB5-9861-32622012A9A9}.Release|Any CPU.Build.0 = Release|Any CPU
		{6FFDD604-9C95-4AB5-9861-32622012A9A9}.Release|Any CPU.Deploy.0 = Release|Any CPU
		{6FFDD604-9C95-4AB5-9861-32622012A9A9}.Release|iPhone.ActiveCfg = Release|Any CPU
		{6FFDD604-9C95-4AB5-9861-32622012A9A9}.Release|iPhone.Build.0 = Release|Any CPU
		{6FFDD604-9C95-4AB5-9861-32622012A9A9}.Release|iPhone.Deploy.0 = Release|Any CPU
		{6FFDD604-9C95-4AB5-9861-32622012A9A9}.Release|iPhoneSimulator.ActiveCfg = Release|Any CPU
		{6FFDD604-9C95-4AB5-9861-32622012A9A9}.Release|iPhoneSimulator.Build.0 = Release|Any CPU
		{6FFDD604-9C95-4AB5-9861-32622012A9A9}.Release|iPhoneSimulator.Deploy.0 = Release|Any CPU
		{9EE3125A-C353-4C19-B10B-34D99E7E25C6}.Debug|Any CPU.ActiveCfg = Debug|iPhone
		{9EE3125A-C353-4C19-B10B-34D99E7E25C6}.Debug|Any CPU.Build.0 = Debug|iPhone
		{9EE3125A-C353-4C19-B10B-34D99E7E25C6}.Debug|Any CPU.Deploy.0 = Debug|iPhone
		{9EE3125A-C353-4C19-B10B-34D99E7E25C6}.Debug|iPhone.ActiveCfg = Debug|iPhone
		{9EE3125A-C353-4C19-B10B-34D99E7E25C6}.Debug|iPhone.Build.0 = Debug|iPhone
		{9EE3125A-C353-4C19-B10B-34D99E7E25C6}.Debug|iPhone.Deploy.0 = Debug|iPhone
		{9EE3125A-C353-4C19-B10B-34D99E7E25C6}.Debug|iPhoneSimulator.ActiveCfg = Debug|iPhoneSimulator
		{9EE3125A-C353-4C19-B10B-34D99E7E25C6}.Debug|iPhoneSimulator.Build.0 = Debug|iPhoneSimulator
		{9EE3125A-C353-4C19-B10B-34D99E7E25C6}.Debug|iPhoneSimulator.Deploy.0 = Debug|iPhoneSimulator
		{9EE3125A-C353-4C19-B10B-34D99E7E25C6}.Release|Any CPU.ActiveCfg = Release|iPhoneSimulator
		{9EE3125A-C353-4C19-B10B-34D99E7E25C6}.Release|Any CPU.Build.0 = Release|iPhoneSimulator
		{9EE3125A-C353-4C19-B10B-34D99E7E25C6}.Release|Any CPU.Deploy.0 = Release|iPhoneSimulator
		{9EE3125A-C353-4C19-B10B-34D99E7E25C6}.Release|iPhone.ActiveCfg = Release|iPhone
		{9EE3125A-C353-4C19-B10B-34D99E7E25C6}.Release|iPhone.Build.0 = Release|iPhone
		{9EE3125A-C353-4C19-B10B-34D99E7E25C6}.Release|iPhone.Deploy.0 = Release|iPhone
		{9EE3125A-C353-4C19-B10B-34D99E7E25C6}.Release|iPhoneSimulator.ActiveCfg = Release|iPhoneSimulator
		{9EE3125A-C353-4C19-B10B-34D99E7E25C6}.Release|iPhoneSimulator.Build.0 = Release|iPhoneSimulator
		{9EE3125A-C353-4C19-B10B-34D99E7E25C6}.Release|iPhoneSimulator.Deploy.0 = Release|iPhoneSimulator
		{EE35075A-EE7B-4C06-971C-179F1A13D86D}.Debug|Any CPU.ActiveCfg = Debug|Any CPU
		{EE35075A-EE7B-4C06-971C-179F1A13D86D}.Debug|Any CPU.Build.0 = Debug|Any CPU
		{EE35075A-EE7B-4C06-971C-179F1A13D86D}.Debug|Any CPU.Deploy.0 = Debug|Any CPU
		{EE35075A-EE7B-4C06-971C-179F1A13D86D}.Debug|iPhone.ActiveCfg = Debug|Any CPU
		{EE35075A-EE7B-4C06-971C-179F1A13D86D}.Debug|iPhone.Build.0 = Debug|Any CPU
		{EE35075A-EE7B-4C06-971C-179F1A13D86D}.Debug|iPhone.Deploy.0 = Debug|Any CPU
		{EE35075A-EE7B-4C06-971C-179F1A13D86D}.Debug|iPhoneSimulator.ActiveCfg = Debug|Any CPU
		{EE35075A-EE7B-4C06-971C-179F1A13D86D}.Debug|iPhoneSimulator.Build.0 = Debug|Any CPU
		{EE35075A-EE7B-4C06-971C-179F1A13D86D}.Debug|iPhoneSimulator.Deploy.0 = Debug|Any CPU
		{EE35075A-EE7B-4C06-971C-179F1A13D86D}.Release|Any CPU.ActiveCfg = Release|Any CPU
		{EE35075A-EE7B-4C06-971C-179F1A13D86D}.Release|Any CPU.Build.0 = Release|Any CPU
		{EE35075A-EE7B-4C06-971C-179F1A13D86D}.Release|Any CPU.Deploy.0 = Release|Any CPU
		{EE35075A-EE7B-4C06-971C-179F1A13D86D}.Release|iPhone.ActiveCfg = Release|Any CPU
		{EE35075A-EE7B-4C06-971C-179F1A13D86D}.Release|iPhone.Build.0 = Release|Any CPU
		{EE35075A-EE7B-4C06-971C-179F1A13D86D}.Release|iPhone.Deploy.0 = Release|Any CPU
		{EE35075A-EE7B-4C06-971C-179F1A13D86D}.Release|iPhoneSimulator.ActiveCfg = Release|Any CPU
		{EE35075A-EE7B-4C06-971C-179F1A13D86D}.Release|iPhoneSimulator.Build.0 = Release|Any CPU
		{EE35075A-EE7B-4C06-971C-179F1A13D86D}.Release|iPhoneSimulator.Deploy.0 = Release|Any CPU
	EndGlobalSection
	GlobalSection(SolutionProperties) = preSolution
		HideSolutionNode = FALSE
	EndGlobalSection
	GlobalSection(ExtensibilityGlobals) = postSolution
		SolutionGuid = {BEFB4C4B-A9A7-41FE-B570-692EF8A71455}
	EndGlobalSection
EndGlobal
